// !$*UTF8*$!
{
	archiveVersion = 1;
	classes = {
	};
	objectVersion = 46;
	objects = {

/* Begin PBXBuildFile section */
		E39E7F1F1B108CCD00EA1878 /* main.m in Sources */ = {isa = PBXBuildFile; fileRef = E39E7F1E1B108CCD00EA1878 /* main.m */; };
		E39E7F221B108CCD00EA1878 /* AppDelegate.m in Sources */ = {isa = PBXBuildFile; fileRef = E39E7F211B108CCD00EA1878 /* AppDelegate.m */; };
		E39E7F251B108CCD00EA1878 /* MainScreenViewController.m in Sources */ = {isa = PBXBuildFile; fileRef = E39E7F241B108CCD00EA1878 /* MainScreenViewController.m */; };
		E39E7F281B108CCD00EA1878 /* Main.storyboard in Resources */ = {isa = PBXBuildFile; fileRef = E39E7F261B108CCD00EA1878 /* Main.storyboard */; };
		E39E7F2A1B108CCD00EA1878 /* Images.xcassets in Resources */ = {isa = PBXBuildFile; fileRef = E39E7F291B108CCD00EA1878 /* Images.xcassets */; };
		E39E7F2D1B108CCD00EA1878 /* LaunchScreen.xib in Resources */ = {isa = PBXBuildFile; fileRef = E39E7F2B1B108CCD00EA1878 /* LaunchScreen.xib */; };
		E39E7F391B108CCD00EA1878 /* KerbChatTests.m in Sources */ = {isa = PBXBuildFile; fileRef = E39E7F381B108CCD00EA1878 /* KerbChatTests.m */; };
		E39E7F441B108E6A00EA1878 /* LoginViewController.m in Sources */ = {isa = PBXBuildFile; fileRef = E39E7F431B108E6A00EA1878 /* LoginViewController.m */; };
		E39E7F4A1B108EC200EA1878 /* KerbChatManager.m in Sources */ = {isa = PBXBuildFile; fileRef = E39E7F491B108EC200EA1878 /* KerbChatManager.m */; };
		E39E7F4C1B12374100EA1878 /* Security.framework in Frameworks */ = {isa = PBXBuildFile; fileRef = E39E7F4B1B12374100EA1878 /* Security.framework */; };
		E39E7F511B12385000EA1878 /* NSData+AES.m in Sources */ = {isa = PBXBuildFile; fileRef = E39E7F501B12385000EA1878 /* NSData+AES.m */; };
		E39E7F541B12744600EA1878 /* BBAES.m in Sources */ = {isa = PBXBuildFile; fileRef = E39E7F531B12744600EA1878 /* BBAES.m */; };
/* End PBXBuildFile section */

/* Begin PBXContainerItemProxy section */
		E39E7F331B108CCD00EA1878 /* PBXContainerItemProxy */ = {
			isa = PBXContainerItemProxy;
			containerPortal = E39E7F111B108CCD00EA1878 /* Project object */;
			proxyType = 1;
			remoteGlobalIDString = E39E7F181B108CCD00EA1878;
			remoteInfo = KerbChat;
		};
/* End PBXContainerItemProxy section */

/* Begin PBXFileReference section */
		E39E7F191B108CCD00EA1878 /* KerbChat.app */ = {isa = PBXFileReference; explicitFileType = wrapper.application; includeInIndex = 0; path = KerbChat.app; sourceTree = BUILT_PRODUCTS_DIR; };
		E39E7F1D1B108CCD00EA1878 /* Info.plist */ = {isa = PBXFileReference; lastKnownFileType = text.plist.xml; path = Info.plist; sourceTree = "<group>"; };
		E39E7F1E1B108CCD00EA1878 /* main.m */ = {isa = PBXFileReference; lastKnownFileType = sourcecode.c.objc; path = main.m; sourceTree = "<group>"; };
		E39E7F201B108CCD00EA1878 /* AppDelegate.h */ = {isa = PBXFileReference; lastKnownFileType = sourcecode.c.h; path = AppDelegate.h; sourceTree = "<group>"; };
		E39E7F211B108CCD00EA1878 /* AppDelegate.m */ = {isa = PBXFileReference; lastKnownFileType = sourcecode.c.objc; path = AppDelegate.m; sourceTree = "<group>"; };
		E39E7F231B108CCD00EA1878 /* MainScreenViewController.h */ = {isa = PBXFileReference; lastKnownFileType = sourcecode.c.h; path = MainScreenViewController.h; sourceTree = "<group>"; };
		E39E7F241B108CCD00EA1878 /* MainScreenViewController.m */ = {isa = PBXFileReference; lastKnownFileType = sourcecode.c.objc; path = MainScreenViewController.m; sourceTree = "<group>"; };
		E39E7F271B108CCD00EA1878 /* Base */ = {isa = PBXFileReference; lastKnownFileType = file.storyboard; name = Base; path = Base.lproj/Main.storyboard; sourceTree = "<group>"; };
		E39E7F291B108CCD00EA1878 /* Images.xcassets */ = {isa = PBXFileReference; lastKnownFileType = folder.assetcatalog; path = Images.xcassets; sourceTree = "<group>"; };
		E39E7F2C1B108CCD00EA1878 /* Base */ = {isa = PBXFileReference; lastKnownFileType = file.xib; name = Base; path = Base.lproj/LaunchScreen.xib; sourceTree = "<group>"; };
		E39E7F321B108CCD00EA1878 /* KerbChatTests.xctest */ = {isa = PBXFileReference; explicitFileType = wrapper.cfbundle; includeInIndex = 0; path = KerbChatTests.xctest; sourceTree = BUILT_PRODUCTS_DIR; };
		E39E7F371B108CCD00EA1878 /* Info.plist */ = {isa = PBXFileReference; lastKnownFileType = text.plist.xml; path = Info.plist; sourceTree = "<group>"; };
		E39E7F381B108CCD00EA1878 /* KerbChatTests.m */ = {isa = PBXFileReference; lastKnownFileType = sourcecode.c.objc; path = KerbChatTests.m; sourceTree = "<group>"; };
		E39E7F421B108E6A00EA1878 /* LoginViewController.h */ = {isa = PBXFileReference; fileEncoding = 4; lastKnownFileType = sourcecode.c.h; path = LoginViewController.h; sourceTree = "<group>"; };
		E39E7F431B108E6A00EA1878 /* LoginViewController.m */ = {isa = PBXFileReference; fileEncoding = 4; lastKnownFileType = sourcecode.c.objc; path = LoginViewController.m; sourceTree = "<group>"; };
		E39E7F481B108EC200EA1878 /* KerbChatManager.h */ = {isa = PBXFileReference; fileEncoding = 4; lastKnownFileType = sourcecode.c.h; path = KerbChatManager.h; sourceTree = "<group>"; };
		E39E7F491B108EC200EA1878 /* KerbChatManager.m */ = {isa = PBXFileReference; fileEncoding = 4; lastKnownFileType = sourcecode.c.objc; path = KerbChatManager.m; sourceTree = "<group>"; };
		E39E7F4B1B12374100EA1878 /* Security.framework */ = {isa = PBXFileReference; lastKnownFileType = wrapper.framework; name = Security.framework; path = System/Library/Frameworks/Security.framework; sourceTree = SDKROOT; };
		E39E7F4F1B12385000EA1878 /* NSData+AES.h */ = {isa = PBXFileReference; fileEncoding = 4; lastKnownFileType = sourcecode.c.h; path = "NSData+AES.h"; sourceTree = "<group>"; };
		E39E7F501B12385000EA1878 /* NSData+AES.m */ = {isa = PBXFileReference; fileEncoding = 4; lastKnownFileType = sourcecode.c.objc; path = "NSData+AES.m"; sourceTree = "<group>"; };
		E39E7F521B12744600EA1878 /* BBAES.h */ = {isa = PBXFileReference; fileEncoding = 4; lastKnownFileType = sourcecode.c.h; name = BBAES.h; path = "../../../../Downloads/BBAES-master/BBAES/BBAES/Classes/BBAES.h"; sourceTree = "<group>"; };
		E39E7F531B12744600EA1878 /* BBAES.m */ = {isa = PBXFileReference; fileEncoding = 4; lastKnownFileType = sourcecode.c.objc; name = BBAES.m; path = "../../../../Downloads/BBAES-master/BBAES/BBAES/Classes/BBAES.m"; sourceTree = "<group>"; };
/* End PBXFileReference section */

/* Begin PBXFrameworksBuildPhase section */
		E39E7F161B108CCD00EA1878 /* Frameworks */ = {
			isa = PBXFrameworksBuildPhase;
			buildActionMask = 2147483647;
			files = (
				E39E7F4C1B12374100EA1878 /* Security.framework in Frameworks */,
			);
			runOnlyForDeploymentPostprocessing = 0;
		};
		E39E7F2F1B108CCD00EA1878 /* Frameworks */ = {
			isa = PBXFrameworksBuildPhase;
			buildActionMask = 2147483647;
			files = (
			);
			runOnlyForDeploymentPostprocessing = 0;
		};
/* End PBXFrameworksBuildPhase section */

/* Begin PBXGroup section */
		E39E7F101B108CCD00EA1878 = {
			isa = PBXGroup;
			children = (
				E39E7F4E1B1237C800EA1878 /* Frameworks */,
				E39E7F1B1B108CCD00EA1878 /* KerbChat */,
				E39E7F351B108CCD00EA1878 /* KerbChatTests */,
				E39E7F1A1B108CCD00EA1878 /* Products */,
			);
			sourceTree = "<group>";
		};
		E39E7F1A1B108CCD00EA1878 /* Products */ = {
			isa = PBXGroup;
			children = (
				E39E7F191B108CCD00EA1878 /* KerbChat.app */,
				E39E7F321B108CCD00EA1878 /* KerbChatTests.xctest */,
			);
			name = Products;
			sourceTree = "<group>";
		};
		E39E7F1B1B108CCD00EA1878 /* KerbChat */ = {
			isa = PBXGroup;
			children = (
				E39E7F4D1B1237A200EA1878 /* Security */,
				E39E7F471B108E9300EA1878 /* Model */,
				E39E7F451B108E6F00EA1878 /* ViewControllers */,
				E39E7F201B108CCD00EA1878 /* AppDelegate.h */,
				E39E7F211B108CCD00EA1878 /* AppDelegate.m */,
				E39E7F231B108CCD00EA1878 /* MainScreenViewController.h */,
				E39E7F241B108CCD00EA1878 /* MainScreenViewController.m */,
				E39E7F261B108CCD00EA1878 /* Main.storyboard */,
				E39E7F291B108CCD00EA1878 /* Images.xcassets */,
				E39E7F2B1B108CCD00EA1878 /* LaunchScreen.xib */,
				E39E7F1C1B108CCD00EA1878 /* Supporting Files */,
			);
			path = KerbChat;
			sourceTree = "<group>";
		};
		E39E7F1C1B108CCD00EA1878 /* Supporting Files */ = {
			isa = PBXGroup;
			children = (
				E39E7F1D1B108CCD00EA1878 /* Info.plist */,
				E39E7F1E1B108CCD00EA1878 /* main.m */,
			);
			name = "Supporting Files";
			sourceTree = "<group>";
		};
		E39E7F351B108CCD00EA1878 /* KerbChatTests */ = {
			isa = PBXGroup;
			children = (
				E39E7F381B108CCD00EA1878 /* KerbChatTests.m */,
				E39E7F361B108CCD00EA1878 /* Supporting Files */,
			);
			path = KerbChatTests;
			sourceTree = "<group>";
		};
		E39E7F361B108CCD00EA1878 /* Supporting Files */ = {
			isa = PBXGroup;
			children = (
				E39E7F371B108CCD00EA1878 /* Info.plist */,
			);
			name = "Supporting Files";
			sourceTree = "<group>";
		};
		E39E7F451B108E6F00EA1878 /* ViewControllers */ = {
			isa = PBXGroup;
			children = (
				E39E7F461B108E7800EA1878 /* Login */,
			);
			name = ViewControllers;
			sourceTree = "<group>";
		};
		E39E7F461B108E7800EA1878 /* Login */ = {
			isa = PBXGroup;
			children = (
				E39E7F421B108E6A00EA1878 /* LoginViewController.h */,
				E39E7F431B108E6A00EA1878 /* LoginViewController.m */,
			);
			name = Login;
			sourceTree = "<group>";
		};
		E39E7F471B108E9300EA1878 /* Model */ = {
			isa = PBXGroup;
			children = (
				E39E7F481B108EC200EA1878 /* KerbChatManager.h */,
				E39E7F491B108EC200EA1878 /* KerbChatManager.m */,
			);
			name = Model;
			sourceTree = "<group>";
		};
		E39E7F4D1B1237A200EA1878 /* Security */ = {
			isa = PBXGroup;
			children = (
				E39E7F521B12744600EA1878 /* BBAES.h */,
				E39E7F531B12744600EA1878 /* BBAES.m */,
				E39E7F4F1B12385000EA1878 /* NSData+AES.h */,
				E39E7F501B12385000EA1878 /* NSData+AES.m */,
			);
			name = Security;
			sourceTree = "<group>";
		};
		E39E7F4E1B1237C800EA1878 /* Frameworks */ = {
			isa = PBXGroup;
			children = (
				E39E7F4B1B12374100EA1878 /* Security.framework */,
			);
			name = Frameworks;
			sourceTree = "<group>";
		};
/* End PBXGroup section */

/* Begin PBXNativeTarget section */
		E39E7F181B108CCD00EA1878 /* KerbChat */ = {
			isa = PBXNativeTarget;
			buildConfigurationList = E39E7F3C1B108CCD00EA1878 /* Build configuration list for PBXNativeTarget "KerbChat" */;
			buildPhases = (
				E39E7F151B108CCD00EA1878 /* Sources */,
				E39E7F161B108CCD00EA1878 /* Frameworks */,
				E39E7F171B108CCD00EA1878 /* Resources */,
			);
			buildRules = (
			);
			dependencies = (
			);
			name = KerbChat;
			productName = KerbChat;
			productReference = E39E7F191B108CCD00EA1878 /* KerbChat.app */;
			productType = "com.apple.product-type.application";
		};
		E39E7F311B108CCD00EA1878 /* KerbChatTests */ = {
			isa = PBXNativeTarget;
			buildConfigurationList = E39E7F3F1B108CCD00EA1878 /* Build configuration list for PBXNativeTarget "KerbChatTests" */;
			buildPhases = (
				E39E7F2E1B108CCD00EA1878 /* Sources */,
				E39E7F2F1B108CCD00EA1878 /* Frameworks */,
				E39E7F301B108CCD00EA1878 /* Resources */,
			);
			buildRules = (
			);
			dependencies = (
				E39E7F341B108CCD00EA1878 /* PBXTargetDependency */,
			);
			name = KerbChatTests;
			productName = KerbChatTests;
			productReference = E39E7F321B108CCD00EA1878 /* KerbChatTests.xctest */;
			productType = "com.apple.product-type.bundle.unit-test";
		};
/* End PBXNativeTarget section */

/* Begin PBXProject section */
		E39E7F111B108CCD00EA1878 /* Project object */ = {
			isa = PBXProject;
			attributes = {
				LastUpgradeCheck = 0610;
				ORGANIZATIONNAME = "Anton Rodick";
				TargetAttributes = {
					E39E7F181B108CCD00EA1878 = {
						CreatedOnToolsVersion = 6.1.1;
					};
					E39E7F311B108CCD00EA1878 = {
						CreatedOnToolsVersion = 6.1.1;
						TestTargetID = E39E7F181B108CCD00EA1878;
					};
				};
			};
			buildConfigurationList = E39E7F141B108CCD00EA1878 /* Build configuration list for PBXProject "KerbChat" */;
			compatibilityVersion = "Xcode 3.2";
			developmentRegion = English;
			hasScannedForEncodings = 0;
			knownRegions = (
				en,
				Base,
			);
			mainGroup = E39E7F101B108CCD00EA1878;
			productRefGroup = E39E7F1A1B108CCD00EA1878 /* Products */;
			projectDirPath = "";
			projectRoot = "";
			targets = (
				E39E7F181B108CCD00EA1878 /* KerbChat */,
				E39E7F311B108CCD00EA1878 /* KerbChatTests */,
			);
		};
/* End PBXProject section */

/* Begin PBXResourcesBuildPhase section */
		E39E7F171B108CCD00EA1878 /* Resources */ = {
			isa = PBXResourcesBuildPhase;
			buildActionMask = 2147483647;
			files = (
				E39E7F281B108CCD00EA1878 /* Main.storyboard in Resources */,
				E39E7F2D1B108CCD00EA1878 /* LaunchScreen.xib in Resources */,
				E39E7F2A1B108CCD00EA1878 /* Images.xcassets in Resources */,
			);
			runOnlyForDeploymentPostprocessing = 0;
		};
		E39E7F301B108CCD00EA1878 /* Resources */ = {
			isa = PBXResourcesBuildPhase;
			buildActionMask = 2147483647;
			files = (
			);
			runOnlyForDeploymentPostprocessing = 0;
		};
/* End PBXResourcesBuildPhase section */

/* Begin PBXSourcesBuildPhase section */
		E39E7F151B108CCD00EA1878 /* Sources */ = {
			isa = PBXSourcesBuildPhase;
			buildActionMask = 2147483647;
			files = (
				E39E7F441B108E6A00EA1878 /* LoginViewController.m in Sources */,
				E39E7F251B108CCD00EA1878 /* MainScreenViewController.m in Sources */,
				E39E7F511B12385000EA1878 /* NSData+AES.m in Sources */,
				E39E7F4A1B108EC200EA1878 /* KerbChatManager.m in Sources */,
				E39E7F221B108CCD00EA1878 /* AppDelegate.m in Sources */,
				E39E7F1F1B108CCD00EA1878 /* main.m in Sources */,
				E39E7F541B12744600EA1878 /* BBAES.m in Sources */,
			);
			runOnlyForDeploymentPostprocessing = 0;
		};
		E39E7F2E1B108CCD00EA1878 /* Sources */ = {
			isa = PBXSourcesBuildPhase;
			buildActionMask = 2147483647;
			files = (
				E39E7F391B108CCD00EA1878 /* KerbChatTests.m in Sources */,
			);
			runOnlyForDeploymentPostprocessing = 0;
		};
/* End PBXSourcesBuildPhase section */

/* Begin PBXTargetDependency section */
		E39E7F341B108CCD00EA1878 /* PBXTargetDependency */ = {
			isa = PBXTargetDependency;
			target = E39E7F181B108CCD00EA1878 /* KerbChat */;
			targetProxy = E39E7F331B108CCD00EA1878 /* PBXContainerItemProxy */;
		};
/* End PBXTargetDependency section */

/* Begin PBXVariantGroup section */
		E39E7F261B108CCD00EA1878 /* Main.storyboard */ = {
			isa = PBXVariantGroup;
			children = (
				E39E7F271B108CCD00EA1878 /* Base */,
			);
			name = Main.storyboard;
			sourceTree = "<group>";
		};
		E39E7F2B1B108CCD00EA1878 /* LaunchScreen.xib */ = {
			isa = PBXVariantGroup;
			children = (
				E39E7F2C1B108CCD00EA1878 /* Base */,
			);
			name = LaunchScreen.xib;
			sourceTree = "<group>";
		};
/* End PBXVariantGroup section */

/* Begin XCBuildConfiguration section */
		E39E7F3A1B108CCD00EA1878 /* Debug */ = {
			isa = XCBuildConfiguration;
			buildSettings = {
				ALWAYS_SEARCH_USER_PATHS = NO;
				CLANG_CXX_LANGUAGE_STANDARD = "gnu++0x";
				CLANG_CXX_LIBRARY = "libc++";
				CLANG_ENABLE_MODULES = YES;
				CLANG_ENABLE_OBJC_ARC = YES;
				CLANG_WARN_BOOL_CONVERSION = YES;
				CLANG_WARN_CONSTANT_CONVERSION = YES;
				CLANG_WARN_DIRECT_OBJC_ISA_USAGE = YES_ERROR;
				CLANG_WARN_EMPTY_BODY = YES;
				CLANG_WARN_ENUM_CONVERSION = YES;
				CLANG_WARN_INT_CONVERSION = YES;
				CLANG_WARN_OBJC_ROOT_CLASS = YES_ERROR;
				CLANG_WARN_UNREACHABLE_CODE = YES;
				CLANG_WARN__DUPLICATE_METHOD_MATCH = YES;
				"CODE_SIGN_IDENTITY[sdk=iphoneos*]" = "iPhone Developer";
				COPY_PHASE_STRIP = NO;
				ENABLE_STRICT_OBJC_MSGSEND = YES;
				GCC_C_LANGUAGE_STANDARD = gnu99;
				GCC_DYNAMIC_NO_PIC = NO;
				GCC_OPTIMIZATION_LEVEL = 0;
				GCC_PREPROCESSOR_DEFINITIONS = (
					"DEBUG=1",
					"$(inherited)",
				);
				GCC_SYMBOLS_PRIVATE_EXTERN = NO;
				GCC_WARN_64_TO_32_BIT_CONVERSION = YES;
				GCC_WARN_ABOUT_RETURN_TYPE = YES_ERROR;
				GCC_WARN_UNDECLARED_SELECTOR = YES;
				GCC_WARN_UNINITIALIZED_AUTOS = YES_AGGRESSIVE;
				GCC_WARN_UNUSED_FUNCTION = YES;
				GCC_WARN_UNUSED_VARIABLE = YES;
				IPHONEOS_DEPLOYMENT_TARGET = 8.1;
				MTL_ENABLE_DEBUG_INFO = YES;
				ONLY_ACTIVE_ARCH = YES;
				SDKROOT = iphoneos;
				TARGETED_DEVICE_FAMILY = "1,2";
			};
			name = Debug;
		};
		E39E7F3B1B108CCD00EA1878 /* Release */ = {
			isa = XCBuildConfiguration;
			buildSettings = {
				ALWAYS_SEARCH_USER_PATHS = NO;
				CLANG_CXX_LANGUAGE_STANDARD = "gnu++0x";
				CLANG_CXX_LIBRARY = "libc++";
				CLANG_ENABLE_MODULES = YES;
				CLANG_ENABLE_OBJC_ARC = YES;
				CLANG_WARN_BOOL_CONVERSION = YES;
				CLANG_WARN_CONSTANT_CONVERSION = YES;
				CLANG_WARN_DIRECT_OBJC_ISA_USAGE = YES_ERROR;
				CLANG_WARN_EMPTY_BODY = YES;
				CLANG_WARN_ENUM_CONVERSION = YES;
				CLANG_WARN_INT_CONVERSION = YES;
				CLANG_WARN_OBJC_ROOT_CLASS = YES_ERROR;
				CLANG_WARN_UNREACHABLE_CODE = YES;
				CLANG_WARN__DUPLICATE_METHOD_MATCH = YES;
				"CODE_SIGN_IDENTITY[sdk=iphoneos*]" = "iPhone Developer";
				COPY_PHASE_STRIP = YES;
				ENABLE_NS_ASSERTIONS = NO;
				ENABLE_STRICT_OBJC_MSGSEND = YES;
				GCC_C_LANGUAGE_STANDARD = gnu99;
				GCC_WARN_64_TO_32_BIT_CONVERSION = YES;
				GCC_WARN_ABOUT_RETURN_TYPE = YES_ERROR;
				GCC_WARN_UNDECLARED_SELECTOR = YES;
				GCC_WARN_UNINITIALIZED_AUTOS = YES_AGGRESSIVE;
				GCC_WARN_UNUSED_FUNCTION = YES;
				GCC_WARN_UNUSED_VARIABLE = YES;
				IPHONEOS_DEPLOYMENT_TARGET = 8.1;
				MTL_ENABLE_DEBUG_INFO = NO;
				SDKROOT = iphoneos;
				TARGETED_DEVICE_FAMILY = "1,2";
				VALIDATE_PRODUCT = YES;
			};
			name = Release;
		};
		E39E7F3D1B108CCD00EA1878 /* Debug */ = {
			isa = XCBuildConfiguration;
			buildSettings = {
				ASSETCATALOG_COMPILER_APPICON_NAME = AppIcon;
				INFOPLIST_FILE = KerbChat/Info.plist;
				LD_RUNPATH_SEARCH_PATHS = "$(inherited) @executable_path/Frameworks";
				PRODUCT_NAME = "$(TARGET_NAME)";
			};
			name = Debug;
		};
		E39E7F3E1B108CCD00EA1878 /* Release */ = {
			isa = XCBuildConfiguration;
			buildSettings = {
				ASSETCATALOG_COMPILER_APPICON_NAME = AppIcon;
				INFOPLIST_FILE = KerbChat/Info.plist;
				LD_RUNPATH_SEARCH_PATHS = "$(inherited) @executable_path/Frameworks";
				PRODUCT_NAME = "$(TARGET_NAME)";
			};
			name = Release;
		};
		E39E7F401B108CCD00EA1878 /* Debug */ = {
			isa = XCBuildConfiguration;
			buildSettings = {
				BUNDLE_LOADER = "$(TEST_HOST)";
				FRAMEWORK_SEARCH_PATHS = (
					"$(SDKROOT)/Developer/Library/Frameworks",
					"$(inherited)",
				);
				GCC_PREPROCESSOR_DEFINITIONS = (
					"DEBUG=1",
					"$(inherited)",
				);
				INFOPLIST_FILE = KerbChatTests/Info.plist;
				LD_RUNPATH_SEARCH_PATHS = "$(inherited) @executable_path/Frameworks @loader_path/Frameworks";
				PRODUCT_NAME = "$(TARGET_NAME)";
				TEST_HOST = "$(BUILT_PRODUCTS_DIR)/KerbChat.app/KerbChat";
			};
			name = Debug;
		};
		E39E7F411B108CCD00EA1878 /* Release */ = {
			isa = XCBuildConfiguration;
			buildSettings = {
				BUNDLE_LOADER = "$(TEST_HOST)";
				FRAMEWORK_SEARCH_PATHS = (
					"$(SDKROOT)/Developer/Library/Frameworks",
					"$(inherited)",
				);
				INFOPLIST_FILE = KerbChatTests/Info.plist;
				LD_RUNPATH_SEARCH_PATHS = "$(inherited) @executable_path/Frameworks @loader_path/Frameworks";
				PRODUCT_NAME = "$(TARGET_NAME)";
				TEST_HOST = "$(BUILT_PRODUCTS_DIR)/KerbChat.app/KerbChat";
			};
			name = Release;
		};
/* End XCBuildConfiguration section */

/* Begin XCConfigurationList section */
		E39E7F141B108CCD00EA1878 /* Build configuration list for PBXProject "KerbChat" */ = {
			isa = XCConfigurationList;
			buildConfigurations = (
				E39E7F3A1B108CCD00EA1878 /* Debug */,
				E39E7F3B1B108CCD00EA1878 /* Release */,
			);
			defaultConfigurationIsVisible = 0;
			defaultConfigurationName = Release;
		};
		E39E7F3C1B108CCD00EA1878 /* Build configuration list for PBXNativeTarget "KerbChat" */ = {
			isa = XCConfigurationList;
			buildConfigurations = (
				E39E7F3D1B108CCD00EA1878 /* Debug */,
				E39E7F3E1B108CCD00EA1878 /* Release */,
			);
			defaultConfigurationIsVisible = 0;
		};
		E39E7F3F1B108CCD00EA1878 /* Build configuration list for PBXNativeTarget "KerbChatTests" */ = {
			isa = XCConfigurationList;
			buildConfigurations = (
				E39E7F401B108CCD00EA1878 /* Debug */,
				E39E7F411B108CCD00EA1878 /* Release */,
			);
			defaultConfigurationIsVisible = 0;
		};
/* End XCConfigurationList section */
	};
	rootObject = E39E7F111B108CCD00EA1878 /* Project object */;
}
